
Microsoft Visual Studio Solution File, Format Version 12.00
# Visual Studio 15
VisualStudioVersion = 15.0.27130.2020
MinimumVisualStudioVersion = 10.0.40219.1
Project("{8BC9CEB8-8B4A-11D0-8D11-00A0C91BC942}") = "readfacevmd", "readfacevmd.vcxproj", "{A437CDC2-0FD4-48EC-B872-CB13A0A9A519}"
EndProject
Project("{FAE04EC0-301F-11D3-BF4B-00C04F79EFBC}") = "rfv_gui", "rfv_gui\rfv_gui.csproj", "{632D2702-7F3C-40D4-B55D-40A276F57C32}"
EndProject
Project("{8BC9CEB8-8B4A-11D0-8D11-00A0C91BC942}") = "mergevmd", "mergevmd\mergevmd.vcxproj", "{20F30A9B-7282-4553-A9A4-5EF2499FE723}"
EndProject
Project("{FAE04EC0-301F-11D3-BF4B-00C04F79EFBC}") = "merge_gui", "merge_gui\merge_gui.csproj", "{77B0E3A7-70F2-4004-A18A-86E44A5339E2}"
EndProject
Global
	GlobalSection(SolutionConfigurationPlatforms) = preSolution
		Debug|Any CPU = Debug|Any CPU
		Debug|x64 = Debug|x64
		Debug|x86 = Debug|x86
		Release|Any CPU = Release|Any CPU
		Release|x64 = Release|x64
		Release|x86 = Release|x86
	EndGlobalSection
	GlobalSection(ProjectConfigurationPlatforms) = postSolution
		{A437CDC2-0FD4-48EC-B872-CB13A0A9A519}.Debug|Any CPU.ActiveCfg = Debug|Win32
		{A437CDC2-0FD4-48EC-B872-CB13A0A9A519}.Debug|x64.ActiveCfg = Debug|x64
		{A437CDC2-0FD4-48EC-B872-CB13A0A9A519}.Debug|x64.Build.0 = Debug|x64
		{A437CDC2-0FD4-48EC-B872-CB13A0A9A519}.Debug|x86.ActiveCfg = Debug|Win32
		{A437CDC2-0FD4-48EC-B872-CB13A0A9A519}.Debug|x86.Build.0 = Debug|Win32
		{A437CDC2-0FD4-48EC-B872-CB13A0A9A519}.Release|Any CPU.ActiveCfg = Release|Win32
		{A437CDC2-0FD4-48EC-B872-CB13A0A9A519}.Release|x64.ActiveCfg = Release|x64
		{A437CDC2-0FD4-48EC-B872-CB13A0A9A519}.Release|x64.Build.0 = Release|x64
		{A437CDC2-0FD4-48EC-B872-CB13A0A9A519}.Release|x86.ActiveCfg = Release|Win32
		{A437CDC2-0FD4-48EC-B872-CB13A0A9A519}.Release|x86.Build.0 = Release|Win32
		{632D2702-7F3C-40D4-B55D-40A276F57C32}.Debug|Any CPU.ActiveCfg = Debug|Any CPU
		{632D2702-7F3C-40D4-B55D-40A276F57C32}.Debug|Any CPU.Build.0 = Debug|Any CPU
		{632D2702-7F3C-40D4-B55D-40A276F57C32}.Debug|x64.ActiveCfg = Debug|Any CPU
		{632D2702-7F3C-40D4-B55D-40A276F57C32}.Debug|x64.Build.0 = Debug|Any CPU
		{632D2702-7F3C-40D4-B55D-40A276F57C32}.Debug|x86.ActiveCfg = Debug|Any CPU
		{632D2702-7F3C-40D4-B55D-40A276F57C32}.Debug|x86.Build.0 = Debug|Any CPU
		{632D2702-7F3C-40D4-B55D-40A276F57C32}.Release|Any CPU.ActiveCfg = Release|Any CPU
		{632D2702-7F3C-40D4-B55D-40A276F57C32}.Release|Any CPU.Build.0 = Release|Any CPU
		{632D2702-7F3C-40D4-B55D-40A276F57C32}.Release|x64.ActiveCfg = Release|Any CPU
		{632D2702-7F3C-40D4-B55D-40A276F57C32}.Release|x64.Build.0 = Release|Any CPU
		{632D2702-7F3C-40D4-B55D-40A276F57C32}.Release|x86.ActiveCfg = Release|Any CPU
		{632D2702-7F3C-40D4-B55D-40A276F57C32}.Release|x86.Build.0 = Release|Any CPU
		{20F30A9B-7282-4553-A9A4-5EF2499FE723}.Debug|Any CPU.ActiveCfg = Debug|Win32
		{20F30A9B-7282-4553-A9A4-5EF2499FE723}.Debug|x64.ActiveCfg = Debug|x64
		{20F30A9B-7282-4553-A9A4-5EF2499FE723}.Debug|x64.Build.0 = Debug|x64
		{20F30A9B-7282-4553-A9A4-5EF2499FE723}.Debug|x86.ActiveCfg = Debug|Win32
		{20F30A9B-7282-4553-A9A4-5EF2499FE723}.Debug|x86.Build.0 = Debug|Win32
		{20F30A9B-7282-4553-A9A4-5EF2499FE723}.Release|Any CPU.ActiveCfg = Release|Win32
		{20F30A9B-7282-4553-A9A4-5EF2499FE723}.Release|x64.ActiveCfg = Release|x64
		{20F30A9B-7282-4553-A9A4-5EF2499FE723}.Release|x64.Build.0 = Release|x64
		{20F30A9B-7282-4553-A9A4-5EF2499FE723}.Release|x86.ActiveCfg = Release|Win32
		{20F30A9B-7282-4553-A9A4-5EF2499FE723}.Release|x86.Build.0 = Release|Win32
		{77B0E3A7-70F2-4004-A18A-86E44A5339E2}.Debug|Any CPU.ActiveCfg = Debug|Any CPU
		{77B0E3A7-70F2-4004-A18A-86E44A5339E2}.Debug|Any CPU.Build.0 = Debug|Any CPU
		{77B0E3A7-70F2-4004-A18A-86E44A5339E2}.Debug|x64.ActiveCfg = Debug|Any CPU
		{77B0E3A7-70F2-4004-A18A-86E44A5339E2}.Debug|x64.Build.0 = Debug|Any CPU
		{77B0E3A7-70F2-4004-A18A-86E44A5339E2}.Debug|x86.ActiveCfg = Debug|Any CPU
		{77B0E3A7-70F2-4004-A18A-86E44A5339E2}.Debug|x86.Build.0 = Debug|Any CPU
		{77B0E3A7-70F2-4004-A18A-86E44A5339E2}.Release|Any CPU.ActiveCfg = Release|Any CPU
		{77B0E3A7-70F2-4004-A18A-86E44A5339E2}.Release|Any CPU.Build.0 = Release|Any CPU
		{77B0E3A7-70F2-4004-A18A-86E44A5339E2}.Release|x64.ActiveCfg = Release|Any CPU
		{77B0E3A7-70F2-4004-A18A-86E44A5339E2}.Release|x64.Build.0 = Release|Any CPU
		{77B0E3A7-70F2-4004-A18A-86E44A5339E2}.Release|x86.ActiveCfg = Release|Any CPU
		{77B0E3A7-70F2-4004-A18A-86E44A5339E2}.Release|x86.Build.0 = Release|Any CPU
	EndGlobalSection
	GlobalSection(SolutionProperties) = preSolution
		HideSolutionNode = FALSE
	EndGlobalSection
	GlobalSection(ExtensibilityGlobals) = postSolution
		SolutionGuid = {DCEB81B7-88E9-4C39-8761-EE58C031C4EE}
	EndGlobalSection
EndGlobal
